
Microsoft Visual Studio Solution File, Format Version 12.00
# Visual Studio Version 16
VisualStudioVersion = 16.0.29025.244
MinimumVisualStudioVersion = 10.0.40219.1
Project("{9A19103F-16F7-4668-BE54-9A1E7A4F7556}") = "WordProcessor", "WordProcessor\WordProcessor.csproj", "{BE6A96E2-6C32-4BE3-9414-B40495CAE7FA}"
EndProject
Project("{FAE04EC0-301F-11D3-BF4B-00C04F79EFBC}") = "WordProcessorTests", "WordProcessorTests\WordProcessorTests.csproj", "{1CB4EEA8-04D1-4F21-9390-00F6D0050750}"
EndProject
Global
	GlobalSection(SolutionConfigurationPlatforms) = preSolution
		Debug|Any CPU = Debug|Any CPU
		Release|Any CPU = Release|Any CPU
	EndGlobalSection
	GlobalSection(ProjectConfigurationPlatforms) = postSolution
		{BE6A96E2-6C32-4BE3-9414-B40495CAE7FA}.Debug|Any CPU.ActiveCfg = Debug|Any CPU
		{BE6A96E2-6C32-4BE3-9414-B40495CAE7FA}.Debug|Any CPU.Build.0 = Debug|Any CPU
		{BE6A96E2-6C32-4BE3-9414-B40495CAE7FA}.Release|Any CPU.ActiveCfg = Release|Any CPU
		{BE6A96E2-6C32-4BE3-9414-B40495CAE7FA}.Release|Any CPU.Build.0 = Release|Any CPU
		{1CB4EEA8-04D1-4F21-9390-00F6D0050750}.Debug|Any CPU.ActiveCfg = Debug|Any CPU
		{1CB4EEA8-04D1-4F21-9390-00F6D0050750}.Debug|Any CPU.Build.0 = Debug|Any CPU
		{1CB4EEA8-04D1-4F21-9390-00F6D0050750}.Release|Any CPU.ActiveCfg = Release|Any CPU
		{1CB4EEA8-04D1-4F21-9390-00F6D0050750}.Release|Any CPU.Build.0 = Release|Any CPU
	EndGlobalSection
	GlobalSection(SolutionProperties) = preSolution
		HideSolutionNode = FALSE
	EndGlobalSection
	GlobalSection(ExtensibilityGlobals) = postSolution
		SolutionGuid = {0170274C-E1C0-43E3-AE7E-0A65ED49EB9A}
	EndGlobalSection
EndGlobal
